
Microsoft Visual Studio Solution File, Format Version 12.00
# Visual Studio 15
VisualStudioVersion = 15.0.28307.421
MinimumVisualStudioVersion = 10.0.40219.1
Project("{8BC9CEB8-8B4A-11D0-8D11-00A0C91BC942}") = "hw6", "hw6\hw6.vcxproj", "{54E88F29-2929-4A38-A900-FD26661EAC86}"
EndProject
Global
	GlobalSection(SolutionConfigurationPlatforms) = preSolution
		Debug|x64 = Debug|x64
		Debug|x86 = Debug|x86
		Release|x64 = Release|x64
		Release|x86 = Release|x86
	EndGlobalSection
	GlobalSection(ProjectConfigurationPlatforms) = postSolution
		{54E88F29-2929-4A38-A900-FD26661EAC86}.Debug|x64.ActiveCfg = Debug|x64
		{54E88F29-2929-4A38-A900-FD26661EAC86}.Debug|x64.Build.0 = Debug|x64
		{54E88F29-2929-4A38-A900-FD26661EAC86}.Debug|x86.ActiveCfg = Debug|Win32
		{54E88F29-2929-4A38-A900-FD26661EAC86}.Debug|x86.Build.0 = Debug|Win32
		{54E88F29-2929-4A38-A900-FD26661EAC86}.Release|x64.ActiveCfg = Release|x64
		{54E88F29-2929-4A38-A900-FD26661EAC86}.Release|x64.Build.0 = Release|x64
		{54E88F29-2929-4A38-A900-FD26661EAC86}.Release|x86.ActiveCfg = Release|Win32
		{54E88F29-2929-4A38-A900-FD26661EAC86}.Release|x86.Build.0 = Release|Win32
	EndGlobalSection
	GlobalSection(SolutionProperties) = preSolution
		HideSolutionNode = FALSE
	EndGlobalSection
	GlobalSection(ExtensibilityGlobals) = postSolution
		SolutionGuid = {EFA2DB32-2630-48E8-9DE8-637206272690}
	EndGlobalSection
EndGlobal
